
Microsoft Visual Studio Solution File, Format Version 12.00
# Visual Studio Version 16
VisualStudioVersion = 16.0.30114.105
MinimumVisualStudioVersion = 10.0.40219.1
Project("{2150E333-8FDC-42A3-9474-1A3956D46DE8}") = "src", "src", "{97845C07-505C-4D75-A993-7CDFEAF04FF7}"
EndProject
Project("{F2A71F9B-5D33-465A-A702-920D77279786}") = "Prelude", "src\Prelude\Prelude.fsproj", "{B2A6139F-A887-4C96-A766-124BBF543503}"
EndProject
Project("{2150E333-8FDC-42A3-9474-1A3956D46DE8}") = "tests", "tests", "{B1ADC500-F330-45C6-B548-07EEF3FC4D58}"
EndProject
Project("{F2A71F9B-5D33-465A-A702-920D77279786}") = "Prelude.Tests", "tests\Prelude\Prelude.Tests.fsproj", "{8EE38AEE-3A50-492A-A64A-D0C05BBED443}"
EndProject
Project("{F2A71F9B-5D33-465A-A702-920D77279786}") = "Prelude.Tasks", "src\Prelude.Tasks\Prelude.Tasks.fsproj", "{89791351-BADE-41DA-9604-809BCB3152ED}"
EndProject
Global
	GlobalSection(SolutionConfigurationPlatforms) = preSolution
		Debug|Any CPU = Debug|Any CPU
		Release|Any CPU = Release|Any CPU
	EndGlobalSection
	GlobalSection(SolutionProperties) = preSolution
		HideSolutionNode = FALSE
	EndGlobalSection
	GlobalSection(ProjectConfigurationPlatforms) = postSolution
		{B2A6139F-A887-4C96-A766-124BBF543503}.Debug|Any CPU.ActiveCfg = Debug|Any CPU
		{B2A6139F-A887-4C96-A766-124BBF543503}.Debug|Any CPU.Build.0 = Debug|Any CPU
		{B2A6139F-A887-4C96-A766-124BBF543503}.Release|Any CPU.ActiveCfg = Release|Any CPU
		{B2A6139F-A887-4C96-A766-124BBF543503}.Release|Any CPU.Build.0 = Release|Any CPU
		{8EE38AEE-3A50-492A-A64A-D0C05BBED443}.Debug|Any CPU.ActiveCfg = Debug|Any CPU
		{8EE38AEE-3A50-492A-A64A-D0C05BBED443}.Debug|Any CPU.Build.0 = Debug|Any CPU
		{8EE38AEE-3A50-492A-A64A-D0C05BBED443}.Release|Any CPU.ActiveCfg = Release|Any CPU
		{8EE38AEE-3A50-492A-A64A-D0C05BBED443}.Release|Any CPU.Build.0 = Release|Any CPU
		{89791351-BADE-41DA-9604-809BCB3152ED}.Debug|Any CPU.ActiveCfg = Debug|Any CPU
		{89791351-BADE-41DA-9604-809BCB3152ED}.Debug|Any CPU.Build.0 = Debug|Any CPU
		{89791351-BADE-41DA-9604-809BCB3152ED}.Release|Any CPU.ActiveCfg = Release|Any CPU
		{89791351-BADE-41DA-9604-809BCB3152ED}.Release|Any CPU.Build.0 = Release|Any CPU
	EndGlobalSection
	GlobalSection(NestedProjects) = preSolution
		{B2A6139F-A887-4C96-A766-124BBF543503} = {97845C07-505C-4D75-A993-7CDFEAF04FF7}
		{8EE38AEE-3A50-492A-A64A-D0C05BBED443} = {B1ADC500-F330-45C6-B548-07EEF3FC4D58}
		{89791351-BADE-41DA-9604-809BCB3152ED} = {97845C07-505C-4D75-A993-7CDFEAF04FF7}
	EndGlobalSection
EndGlobal
